
Microsoft Visual Studio Solution File, Format Version 12.00
# Visual Studio 14
VisualStudioVersion = 14.0.22310.1
MinimumVisualStudioVersion = 10.0.40219.1
Project("{8BB2217D-0F2D-49D1-97BC-3654ED321F3B}") = "OwinConsole", "OwinConsole\OwinConsole.kproj", "{02B37CB4-DCDE-4A32-A2AF-579E9A18176B}"
EndProject
Global
	GlobalSection(SolutionConfigurationPlatforms) = preSolution
		Debug|Any CPU = Debug|Any CPU
		Release|Any CPU = Release|Any CPU
	EndGlobalSection
	GlobalSection(ProjectConfigurationPlatforms) = postSolution
		{02B37CB4-DCDE-4A32-A2AF-579E9A18176B}.Debug|Any CPU.ActiveCfg = Debug|Any CPU
		{02B37CB4-DCDE-4A32-A2AF-579E9A18176B}.Debug|Any CPU.Build.0 = Debug|Any CPU
		{02B37CB4-DCDE-4A32-A2AF-579E9A18176B}.Release|Any CPU.ActiveCfg = Release|Any CPU
		{02B37CB4-DCDE-4A32-A2AF-579E9A18176B}.Release|Any CPU.Build.0 = Release|Any CPU
	EndGlobalSection
	GlobalSection(SolutionProperties) = preSolution
		HideSolutionNode = FALSE
	EndGlobalSection
EndGlobal
